// !$*UTF8*$!
{
	archiveVersion = 1;
	classes = {
	};
	objectVersion = 50;
	objects = {

/* Begin PBXBuildFile section */
		7719C876216324D7008438F5 /* AppDelegate.swift in Sources */ = {isa = PBXBuildFile; fileRef = 7719C875216324D7008438F5 /* AppDelegate.swift */; };
		7719C878216324D7008438F5 /* ViewController.swift in Sources */ = {isa = PBXBuildFile; fileRef = 7719C877216324D7008438F5 /* ViewController.swift */; };
		7719C87B216324D7008438F5 /* Main.storyboard in Resources */ = {isa = PBXBuildFile; fileRef = 7719C879216324D7008438F5 /* Main.storyboard */; };
		7719C87D216324D9008438F5 /* Assets.xcassets in Resources */ = {isa = PBXBuildFile; fileRef = 7719C87C216324D9008438F5 /* Assets.xcassets */; };
		7719C880216324D9008438F5 /* LaunchScreen.storyboard in Resources */ = {isa = PBXBuildFile; fileRef = 7719C87E216324D9008438F5 /* LaunchScreen.storyboard */; };
		7719C88B216324D9008438F5 /* QRCodeScannerTests.swift in Sources */ = {isa = PBXBuildFile; fileRef = 7719C88A216324D9008438F5 /* QRCodeScannerTests.swift */; };
		7719C896216324D9008438F5 /* QRCodeScannerUITests.swift in Sources */ = {isa = PBXBuildFile; fileRef = 7719C895216324D9008438F5 /* QRCodeScannerUITests.swift */; };
/* End PBXBuildFile section */

/* Begin PBXContainerItemProxy section */
		7719C887216324D9008438F5 /* PBXContainerItemProxy */ = {
			isa = PBXContainerItemProxy;
			containerPortal = 7719C86A216324D7008438F5 /* Project object */;
			proxyType = 1;
			remoteGlobalIDString = 7719C871216324D7008438F5;
			remoteInfo = QRCodeScanner;
		};
		7719C892216324D9008438F5 /* PBXContainerItemProxy */ = {
			isa = PBXContainerItemProxy;
			containerPortal = 7719C86A216324D7008438F5 /* Project object */;
			proxyType = 1;
			remoteGlobalIDString = 7719C871216324D7008438F5;
			remoteInfo = QRCodeScanner;
		};
/* End PBXContainerItemProxy section */

/* Begin PBXFileReference section */
		7719C872216324D7008438F5 /* QRCodeScanner.app */ = {isa = PBXFileReference; explicitFileType = wrapper.application; includeInIndex = 0; path = QRCodeScanner.app; sourceTree = BUILT_PRODUCTS_DIR; };
		7719C875216324D7008438F5 /* AppDelegate.swift */ = {isa = PBXFileReference; lastKnownFileType = sourcecode.swift; path = AppDelegate.swift; sourceTree = "<group>"; };
		7719C877216324D7008438F5 /* ViewController.swift */ = {isa = PBXFileReference; lastKnownFileType = sourcecode.swift; path = ViewController.swift; sourceTree = "<group>"; };
		7719C87A216324D7008438F5 /* Base */ = {isa = PBXFileReference; lastKnownFileType = file.storyboard; name = Base; path = Base.lproj/Main.storyboard; sourceTree = "<group>"; };
		7719C87C216324D9008438F5 /* Assets.xcassets */ = {isa = PBXFileReference; lastKnownFileType = folder.assetcatalog; path = Assets.xcassets; sourceTree = "<group>"; };
		7719C87F216324D9008438F5 /* Base */ = {isa = PBXFileReference; lastKnownFileType = file.storyboard; name = Base; path = Base.lproj/LaunchScreen.storyboard; sourceTree = "<group>"; };
		7719C881216324D9008438F5 /* Info.plist */ = {isa = PBXFileReference; lastKnownFileType = text.plist.xml; path = Info.plist; sourceTree = "<group>"; };
		7719C886216324D9008438F5 /* QRCodeScannerTests.xctest */ = {isa = PBXFileReference; explicitFileType = wrapper.cfbundle; includeInIndex = 0; path = QRCodeScannerTests.xctest; sourceTree = BUILT_PRODUCTS_DIR; };
		7719C88A216324D9008438F5 /* QRCodeScannerTests.swift */ = {isa = PBXFileReference; lastKnownFileType = sourcecode.swift; path = QRCodeScannerTests.swift; sourceTree = "<group>"; };
		7719C88C216324D9008438F5 /* Info.plist */ = {isa = PBXFileReference; lastKnownFileType = text.plist.xml; path = Info.plist; sourceTree = "<group>"; };
		7719C891216324D9008438F5 /* QRCodeScannerUITests.xctest */ = {isa = PBXFileReference; explicitFileType = wrapper.cfbundle; includeInIndex = 0; path = QRCodeScannerUITests.xctest; sourceTree = BUILT_PRODUCTS_DIR; };
		7719C895216324D9008438F5 /* QRCodeScannerUITests.swift */ = {isa = PBXFileReference; lastKnownFileType = sourcecode.swift; path = QRCodeScannerUITests.swift; sourceTree = "<group>"; };
		7719C897216324D9008438F5 /* Info.plist */ = {isa = PBXFileReference; lastKnownFileType = text.plist.xml; path = Info.plist; sourceTree = "<group>"; };
/* End PBXFileReference section */

/* Begin PBXFrameworksBuildPhase section */
		7719C86F216324D7008438F5 /* Frameworks */ = {
			isa = PBXFrameworksBuildPhase;
			buildActionMask = 2147483647;
			files = (
			);
			runOnlyForDeploymentPostprocessing = 0;
		};
		7719C883216324D9008438F5 /* Frameworks */ = {
			isa = PBXFrameworksBuildPhase;
			buildActionMask = 2147483647;
			files = (
			);
			runOnlyForDeploymentPostprocessing = 0;
		};
		7719C88E216324D9008438F5 /* Frameworks */ = {
			isa = PBXFrameworksBuildPhase;
			buildActionMask = 2147483647;
			files = (
			);
			runOnlyForDeploymentPostprocessing = 0;
		};
/* End PBXFrameworksBuildPhase section */

/* Begin PBXGroup section */
		7719C869216324D7008438F5 = {
			isa = PBXGroup;
			children = (
				7719C874216324D7008438F5 /* QRCodeScanner */,
				7719C889216324D9008438F5 /* QRCodeScannerTests */,
				7719C894216324D9008438F5 /* QRCodeScannerUITests */,
				7719C873216324D7008438F5 /* Products */,
			);
			sourceTree = "<group>";
		};
		7719C873216324D7008438F5 /* Products */ = {
			isa = PBXGroup;
			children = (
				7719C872216324D7008438F5 /* QRCodeScanner.app */,
				7719C886216324D9008438F5 /* QRCodeScannerTests.xctest */,
				7719C891216324D9008438F5 /* QRCodeScannerUITests.xctest */,
			);
			name = Products;
			sourceTree = "<group>";
		};
		7719C874216324D7008438F5 /* QRCodeScanner */ = {
			isa = PBXGroup;
			children = (
				7719C875216324D7008438F5 /* AppDelegate.swift */,
				7719C877216324D7008438F5 /* ViewController.swift */,
				7719C879216324D7008438F5 /* Main.storyboard */,
				7719C87C216324D9008438F5 /* Assets.xcassets */,
				7719C87E216324D9008438F5 /* LaunchScreen.storyboard */,
				7719C881216324D9008438F5 /* Info.plist */,
			);
			path = QRCodeScanner;
			sourceTree = "<group>";
		};
		7719C889216324D9008438F5 /* QRCodeScannerTests */ = {
			isa = PBXGroup;
			children = (
				7719C88A216324D9008438F5 /* QRCodeScannerTests.swift */,
				7719C88C216324D9008438F5 /* Info.plist */,
			);
			path = QRCodeScannerTests;
			sourceTree = "<group>";
		};
		7719C894216324D9008438F5 /* QRCodeScannerUITests */ = {
			isa = PBXGroup;
			children = (
				7719C895216324D9008438F5 /* QRCodeScannerUITests.swift */,
				7719C897216324D9008438F5 /* Info.plist */,
			);
			path = QRCodeScannerUITests;
			sourceTree = "<group>";
		};
/* End PBXGroup section */

/* Begin PBXNativeTarget section */
		7719C871216324D7008438F5 /* QRCodeScanner */ = {
			isa = PBXNativeTarget;
			buildConfigurationList = 7719C89A216324D9008438F5 /* Build configuration list for PBXNativeTarget "QRCodeScanner" */;
			buildPhases = (
				7719C86E216324D7008438F5 /* Sources */,
				7719C86F216324D7008438F5 /* Frameworks */,
				7719C870216324D7008438F5 /* Resources */,
			);
			buildRules = (
			);
			dependencies = (
			);
			name = QRCodeScanner;
			productName = QRCodeScanner;
			productReference = 7719C872216324D7008438F5 /* QRCodeScanner.app */;
			productType = "com.apple.product-type.application";
		};
		7719C885216324D9008438F5 /* QRCodeScannerTests */ = {
			isa = PBXNativeTarget;
			buildConfigurationList = 7719C89D216324D9008438F5 /* Build configuration list for PBXNativeTarget "QRCodeScannerTests" */;
			buildPhases = (
				7719C882216324D9008438F5 /* Sources */,
				7719C883216324D9008438F5 /* Frameworks */,
				7719C884216324D9008438F5 /* Resources */,
			);
			buildRules = (
			);
			dependencies = (
				7719C888216324D9008438F5 /* PBXTargetDependency */,
			);
			name = QRCodeScannerTests;
			productName = QRCodeScannerTests;
			productReference = 7719C886216324D9008438F5 /* QRCodeScannerTests.xctest */;
			productType = "com.apple.product-type.bundle.unit-test";
		};
		7719C890216324D9008438F5 /* QRCodeScannerUITests */ = {
			isa = PBXNativeTarget;
			buildConfigurationList = 7719C8A0216324D9008438F5 /* Build configuration list for PBXNativeTarget "QRCodeScannerUITests" */;
			buildPhases = (
				7719C88D216324D9008438F5 /* Sources */,
				7719C88E216324D9008438F5 /* Frameworks */,
				7719C88F216324D9008438F5 /* Resources */,
			);
			buildRules = (
			);
			dependencies = (
				7719C893216324D9008438F5 /* PBXTargetDependency */,
			);
			name = QRCodeScannerUITests;
			productName = QRCodeScannerUITests;
			productReference = 7719C891216324D9008438F5 /* QRCodeScannerUITests.xctest */;
			productType = "com.apple.product-type.bundle.ui-testing";
		};
/* End PBXNativeTarget section */

/* Begin PBXProject section */
		7719C86A216324D7008438F5 /* Project object */ = {
			isa = PBXProject;
			attributes = {
				LastSwiftUpdateCheck = 0940;
				LastUpgradeCheck = 0940;
				ORGANIZATIONNAME = "Hank Cheng";
				TargetAttributes = {
					7719C871216324D7008438F5 = {
						CreatedOnToolsVersion = 9.4.1;
					};
					7719C885216324D9008438F5 = {
						CreatedOnToolsVersion = 9.4.1;
						TestTargetID = 7719C871216324D7008438F5;
					};
					7719C890216324D9008438F5 = {
						CreatedOnToolsVersion = 9.4.1;
						TestTargetID = 7719C871216324D7008438F5;
					};
				};
			};
			buildConfigurationList = 7719C86D216324D7008438F5 /* Build configuration list for PBXProject "QRCodeScanner" */;
			compatibilityVersion = "Xcode 9.3";
			developmentRegion = en;
			hasScannedForEncodings = 0;
			knownRegions = (
				en,
				Base,
			);
			mainGroup = 7719C869216324D7008438F5;
			productRefGroup = 7719C873216324D7008438F5 /* Products */;
			projectDirPath = "";
			projectRoot = "";
			targets = (
				7719C871216324D7008438F5 /* QRCodeScanner */,
				7719C885216324D9008438F5 /* QRCodeScannerTests */,
				7719C890216324D9008438F5 /* QRCodeScannerUITests */,
			);
		};
/* End PBXProject section */

/* Begin PBXResourcesBuildPhase section */
		7719C870216324D7008438F5 /* Resources */ = {
			isa = PBXResourcesBuildPhase;
			buildActionMask = 2147483647;
			files = (
				7719C880216324D9008438F5 /* LaunchScreen.storyboard in Resources */,
				7719C87D216324D9008438F5 /* Assets.xcassets in Resources */,
				7719C87B216324D7008438F5 /* Main.storyboard in Resources */,
			);
			runOnlyForDeploymentPostprocessing = 0;
		};
		7719C884216324D9008438F5 /* Resources */ = {
			isa = PBXResourcesBuildPhase;
			buildActionMask = 2147483647;
			files = (
			);
			runOnlyForDeploymentPostprocessing = 0;
		};
		7719C88F216324D9008438F5 /* Resources */ = {
			isa = PBXResourcesBuildPhase;
			buildActionMask = 2147483647;
			files = (
			);
			runOnlyForDeploymentPostprocessing = 0;
		};
/* End PBXResourcesBuildPhase section */

/* Begin PBXSourcesBuildPhase section */
		7719C86E216324D7008438F5 /* Sources */ = {
			isa = PBXSourcesBuildPhase;
			buildActionMask = 2147483647;
			files = (
				7719C878216324D7008438F5 /* ViewController.swift in Sources */,
				7719C876216324D7008438F5 /* AppDelegate.swift in Sources */,
			);
			runOnlyForDeploymentPostprocessing = 0;
		};
		7719C882216324D9008438F5 /* Sources */ = {
			isa = PBXSourcesBuildPhase;
			buildActionMask = 2147483647;
			files = (
				7719C88B216324D9008438F5 /* QRCodeScannerTests.swift in Sources */,
			);
			runOnlyForDeploymentPostprocessing = 0;
		};
		7719C88D216324D9008438F5 /* Sources */ = {
			isa = PBXSourcesBuildPhase;
			buildActionMask = 2147483647;
			files = (
				7719C896216324D9008438F5 /* QRCodeScannerUITests.swift in Sources */,
			);
			runOnlyForDeploymentPostprocessing = 0;
		};
/* End PBXSourcesBuildPhase section */

/* Begin PBXTargetDependency section */
		7719C888216324D9008438F5 /* PBXTargetDependency */ = {
			isa = PBXTargetDependency;
			target = 7719C871216324D7008438F5 /* QRCodeScanner */;
			targetProxy = 7719C887216324D9008438F5 /* PBXContainerItemProxy */;
		};
		7719C893216324D9008438F5 /* PBXTargetDependency */ = {
			isa = PBXTargetDependency;
			target = 7719C871216324D7008438F5 /* QRCodeScanner */;
			targetProxy = 7719C892216324D9008438F5 /* PBXContainerItemProxy */;
		};
/* End PBXTargetDependency section */

/* Begin PBXVariantGroup section */
		7719C879216324D7008438F5 /* Main.storyboard */ = {
			isa = PBXVariantGroup;
			children = (
				7719C87A216324D7008438F5 /* Base */,
			);
			name = Main.storyboard;
			sourceTree = "<group>";
		};
		7719C87E216324D9008438F5 /* LaunchScreen.storyboard */ = {
			isa = PBXVariantGroup;
			children = (
				7719C87F216324D9008438F5 /* Base */,
			);
			name = LaunchScreen.storyboard;
			sourceTree = "<group>";
		};
/* End PBXVariantGroup section */

/* Begin XCBuildConfiguration section */
		7719C898216324D9008438F5 /* Debug */ = {
			isa = XCBuildConfiguration;
			buildSettings = {
				ALWAYS_SEARCH_USER_PATHS = NO;
				CLANG_ANALYZER_NONNULL = YES;
				CLANG_ANALYZER_NUMBER_OBJECT_CONVERSION = YES_AGGRESSIVE;
				CLANG_CXX_LANGUAGE_STANDARD = "gnu++14";
				CLANG_CXX_LIBRARY = "libc++";
				CLANG_ENABLE_MODULES = YES;
				CLANG_ENABLE_OBJC_ARC = YES;
				CLANG_ENABLE_OBJC_WEAK = YES;
				CLANG_WARN_BLOCK_CAPTURE_AUTORELEASING = YES;
				CLANG_WARN_BOOL_CONVERSION = YES;
				CLANG_WARN_COMMA = YES;
				CLANG_WARN_CONSTANT_CONVERSION = YES;
				CLANG_WARN_DEPRECATED_OBJC_IMPLEMENTATIONS = YES;
				CLANG_WARN_DIRECT_OBJC_ISA_USAGE = YES_ERROR;
				CLANG_WARN_DOCUMENTATION_COMMENTS = YES;
				CLANG_WARN_EMPTY_BODY = YES;
				CLANG_WARN_ENUM_CONVERSION = YES;
				CLANG_WARN_INFINITE_RECURSION = YES;
				CLANG_WARN_INT_CONVERSION = YES;
				CLANG_WARN_NON_LITERAL_NULL_CONVERSION = YES;
				CLANG_WARN_OBJC_IMPLICIT_RETAIN_SELF = YES;
				CLANG_WARN_OBJC_LITERAL_CONVERSION = YES;
				CLANG_WARN_OBJC_ROOT_CLASS = YES_ERROR;
				CLANG_WARN_RANGE_LOOP_ANALYSIS = YES;
				CLANG_WARN_STRICT_PROTOTYPES = YES;
				CLANG_WARN_SUSPICIOUS_MOVE = YES;
				CLANG_WARN_UNGUARDED_AVAILABILITY = YES_AGGRESSIVE;
				CLANG_WARN_UNREACHABLE_CODE = YES;
				CLANG_WARN__DUPLICATE_METHOD_MATCH = YES;
				CODE_SIGN_IDENTITY = "iPhone Developer";
				COPY_PHASE_STRIP = NO;
				DEBUG_INFORMATION_FORMAT = dwarf;
				ENABLE_STRICT_OBJC_MSGSEND = YES;
				ENABLE_TESTABILITY = YES;
				GCC_C_LANGUAGE_STANDARD = gnu11;
				GCC_DYNAMIC_NO_PIC = NO;
				GCC_NO_COMMON_BLOCKS = YES;
				GCC_OPTIMIZATION_LEVEL = 0;
				GCC_PREPROCESSOR_DEFINITIONS = (
					"DEBUG=1",
					"$(inherited)",
				);
				GCC_WARN_64_TO_32_BIT_CONVERSION = YES;
				GCC_WARN_ABOUT_RETURN_TYPE = YES_ERROR;
				GCC_WARN_UNDECLARED_SELECTOR = YES;
				GCC_WARN_UNINITIALIZED_AUTOS = YES_AGGRESSIVE;
				GCC_WARN_UNUSED_FUNCTION = YES;
				GCC_WARN_UNUSED_VARIABLE = YES;
				IPHONEOS_DEPLOYMENT_TARGET = 11.4;
				MTL_ENABLE_DEBUG_INFO = YES;
				ONLY_ACTIVE_ARCH = YES;
				SDKROOT = iphoneos;
				SWIFT_ACTIVE_COMPILATION_CONDITIONS = DEBUG;
				SWIFT_OPTIMIZATION_LEVEL = "-Onone";
			};
			name = Debug;
		};
		7719C899216324D9008438F5 /* Release */ = {
			isa = XCBuildConfiguration;
			buildSettings = {
				ALWAYS_SEARCH_USER_PATHS = NO;
				CLANG_ANALYZER_NONNULL = YES;
				CLANG_ANALYZER_NUMBER_OBJECT_CONVERSION = YES_AGGRESSIVE;
				CLANG_CXX_LANGUAGE_STANDARD = "gnu++14";
				CLANG_CXX_LIBRARY = "libc++";
				CLANG_ENABLE_MODULES = YES;
				CLANG_ENABLE_OBJC_ARC = YES;
				CLANG_ENABLE_OBJC_WEAK = YES;
				CLANG_WARN_BLOCK_CAPTURE_AUTORELEASING = YES;
				CLANG_WARN_BOOL_CONVERSION = YES;
				CLANG_WARN_COMMA = YES;
				CLANG_WARN_CONSTANT_CONVERSION = YES;
				CLANG_WARN_DEPRECATED_OBJC_IMPLEMENTATIONS = YES;
				CLANG_WARN_DIRECT_OBJC_ISA_USAGE = YES_ERROR;
				CLANG_WARN_DOCUMENTATION_COMMENTS = YES;
				CLANG_WARN_EMPTY_BODY = YES;
				CLANG_WARN_ENUM_CONVERSION = YES;
				CLANG_WARN_INFINITE_RECURSION = YES;
				CLANG_WARN_INT_CONVERSION = YES;
				CLANG_WARN_NON_LITERAL_NULL_CONVERSION = YES;
				CLANG_WARN_OBJC_IMPLICIT_RETAIN_SELF = YES;
				CLANG_WARN_OBJC_LITERAL_CONVERSION = YES;
				CLANG_WARN_OBJC_ROOT_CLASS = YES_ERROR;
				CLANG_WARN_RANGE_LOOP_ANALYSIS = YES;
				CLANG_WARN_STRICT_PROTOTYPES = YES;
				CLANG_WARN_SUSPICIOUS_MOVE = YES;
				CLANG_WARN_UNGUARDED_AVAILABILITY = YES_AGGRESSIVE;
				CLANG_WARN_UNREACHABLE_CODE = YES;
				CLANG_WARN__DUPLICATE_METHOD_MATCH = YES;
				CODE_SIGN_IDENTITY = "iPhone Developer";
				COPY_PHASE_STRIP = NO;
				DEBUG_INFORMATION_FORMAT = "dwarf-with-dsym";
				ENABLE_NS_ASSERTIONS = NO;
				ENABLE_STRICT_OBJC_MSGSEND = YES;
				GCC_C_LANGUAGE_STANDARD = gnu11;
				GCC_NO_COMMON_BLOCKS = YES;
				GCC_WARN_64_TO_32_BIT_CONVERSION = YES;
				GCC_WARN_ABOUT_RETURN_TYPE = YES_ERROR;
				GCC_WARN_UNDECLARED_SELECTOR = YES;
				GCC_WARN_UNINITIALIZED_AUTOS = YES_AGGRESSIVE;
				GCC_WARN_UNUSED_FUNCTION = YES;
				GCC_WARN_UNUSED_VARIABLE = YES;
				IPHONEOS_DEPLOYMENT_TARGET = 11.4;
				MTL_ENABLE_DEBUG_INFO = NO;
				SDKROOT = iphoneos;
				SWIFT_COMPILATION_MODE = wholemodule;
				SWIFT_OPTIMIZATION_LEVEL = "-O";
				VALIDATE_PRODUCT = YES;
			};
			name = Release;
		};
		7719C89B216324D9008438F5 /* Debug */ = {
			isa = XCBuildConfiguration;
			buildSettings = {
				ASSETCATALOG_COMPILER_APPICON_NAME = AppIcon;
				CODE_SIGN_STYLE = Automatic;
				DEVELOPMENT_TEAM = 8X938K32QX;
				INFOPLIST_FILE = QRCodeScanner/Info.plist;
				LD_RUNPATH_SEARCH_PATHS = (
					"$(inherited)",
					"@executable_path/Frameworks",
				);
				PRODUCT_BUNDLE_IDENTIFIER = com.hankyjcheng.QRCodeScanner;
				PRODUCT_NAME = "$(TARGET_NAME)";
				SWIFT_VERSION = 4.0;
				TARGETED_DEVICE_FAMILY = "1,2";
			};
			name = Debug;
		};
		7719C89C216324D9008438F5 /* Release */ = {
			isa = XCBuildConfiguration;
			buildSettings = {
				ASSETCATALOG_COMPILER_APPICON_NAME = AppIcon;
				CODE_SIGN_STYLE = Automatic;
				DEVELOPMENT_TEAM = 8X938K32QX;
				INFOPLIST_FILE = QRCodeScanner/Info.plist;
				LD_RUNPATH_SEARCH_PATHS = (
					"$(inherited)",
					"@executable_path/Frameworks",
				);
				PRODUCT_BUNDLE_IDENTIFIER = com.hankyjcheng.QRCodeScanner;
				PRODUCT_NAME = "$(TARGET_NAME)";
				SWIFT_VERSION = 4.0;
				TARGETED_DEVICE_FAMILY = "1,2";
			};
			name = Release;
		};
		7719C89E216324D9008438F5 /* Debug */ = {
			isa = XCBuildConfiguration;
			buildSettings = {
				ALWAYS_EMBED_SWIFT_STANDARD_LIBRARIES = YES;
				BUNDLE_LOADER = "$(TEST_HOST)";
				CODE_SIGN_STYLE = Automatic;
				DEVELOPMENT_TEAM = 8X938K32QX;
				INFOPLIST_FILE = QRCodeScannerTests/Info.plist;
				LD_RUNPATH_SEARCH_PATHS = (
					"$(inherited)",
					"@executable_path/Frameworks",
					"@loader_path/Frameworks",
				);
				PRODUCT_BUNDLE_IDENTIFIER = com.hankyjcheng.QRCodeScannerTests;
				PRODUCT_NAME = "$(TARGET_NAME)";
				SWIFT_VERSION = 4.0;
				TARGETED_DEVICE_FAMILY = "1,2";
				TEST_HOST = "$(BUILT_PRODUCTS_DIR)/QRCodeScanner.app/QRCodeScanner";
			};
			name = Debug;
		};
		7719C89F216324D9008438F5 /* Release */ = {
			isa = XCBuildConfiguration;
			buildSettings = {
				ALWAYS_EMBED_SWIFT_STANDARD_LIBRARIES = YES;
				BUNDLE_LOADER = "$(TEST_HOST)";
				CODE_SIGN_STYLE = Automatic;
				DEVELOPMENT_TEAM = 8X938K32QX;
				INFOPLIST_FILE = QRCodeScannerTests/Info.plist;
				LD_RUNPATH_SEARCH_PATHS = (
					"$(inherited)",
					"@executable_path/Frameworks",
					"@loader_path/Frameworks",
				);
				PRODUCT_BUNDLE_IDENTIFIER = com.hankyjcheng.QRCodeScannerTests;
				PRODUCT_NAME = "$(TARGET_NAME)";
				SWIFT_VERSION = 4.0;
				TARGETED_DEVICE_FAMILY = "1,2";
				TEST_HOST = "$(BUILT_PRODUCTS_DIR)/QRCodeScanner.app/QRCodeScanner";
			};
			name = Release;
		};
		7719C8A1216324D9008438F5 /* Debug */ = {
			isa = XCBuildConfiguration;
			buildSettings = {
				ALWAYS_EMBED_SWIFT_STANDARD_LIBRARIES = YES;
				CODE_SIGN_STYLE = Automatic;
				DEVELOPMENT_TEAM = 8X938K32QX;
				INFOPLIST_FILE = QRCodeScannerUITests/Info.plist;
				LD_RUNPATH_SEARCH_PATHS = (
					"$(inherited)",
					"@executable_path/Frameworks",
					"@loader_path/Frameworks",
				);
				PRODUCT_BUNDLE_IDENTIFIER = com.hankyjcheng.QRCodeScannerUITests;
				PRODUCT_NAME = "$(TARGET_NAME)";
				SWIFT_VERSION = 4.0;
				TARGETED_DEVICE_FAMILY = "1,2";
				TEST_TARGET_NAME = QRCodeScanner;
			};
			name = Debug;
		};
		7719C8A2216324D9008438F5 /* Release */ = {
			isa = XCBuildConfiguration;
			buildSettings = {
				ALWAYS_EMBED_SWIFT_STANDARD_LIBRARIES = YES;
				CODE_SIGN_STYLE = Automatic;
				DEVELOPMENT_TEAM = 8X938K32QX;
				INFOPLIST_FILE = QRCodeScannerUITests/Info.plist;
				LD_RUNPATH_SEARCH_PATHS = (
					"$(inherited)",
					"@executable_path/Frameworks",
					"@loader_path/Frameworks",
				);
				PRODUCT_BUNDLE_IDENTIFIER = com.hankyjcheng.QRCodeScannerUITests;
				PRODUCT_NAME = "$(TARGET_NAME)";
				SWIFT_VERSION = 4.0;
				TARGETED_DEVICE_FAMILY = "1,2";
				TEST_TARGET_NAME = QRCodeScanner;
			};
			name = Release;
		};
/* End XCBuildConfiguration section */

/* Begin XCConfigurationList section */
		7719C86D216324D7008438F5 /* Build configuration list for PBXProject "QRCodeScanner" */ = {
			isa = XCConfigurationList;
			buildConfigurations = (
				7719C898216324D9008438F5 /* Debug */,
				7719C899216324D9008438F5 /* Release */,
			);
			defaultConfigurationIsVisible = 0;
			defaultConfigurationName = Release;
		};
		7719C89A216324D9008438F5 /* Build configuration list for PBXNativeTarget "QRCodeScanner" */ = {
			isa = XCConfigurationList;
			buildConfigurations = (
				7719C89B216324D9008438F5 /* Debug */,
				7719C89C216324D9008438F5 /* Release */,
			);
			defaultConfigurationIsVisible = 0;
			defaultConfigurationName = Release;
		};
		7719C89D216324D9008438F5 /* Build configuration list for PBXNativeTarget "QRCodeScannerTests" */ = {
			isa = XCConfigurationList;
			buildConfigurations = (
				7719C89E216324D9008438F5 /* Debug */,
				7719C89F216324D9008438F5 /* Release */,
			);
			defaultConfigurationIsVisible = 0;
			defaultConfigurationName = Release;
		};
		7719C8A0216324D9008438F5 /* Build configuration list for PBXNativeTarget "QRCodeScannerUITests" */ = {
			isa = XCConfigurationList;
			buildConfigurations = (
				7719C8A1216324D9008438F5 /* Debug */,
				7719C8A2216324D9008438F5 /* Release */,
			);
			defaultConfigurationIsVisible = 0;
			defaultConfigurationName = Release;
		};
/* End XCConfigurationList section */
	};
	rootObject = 7719C86A216324D7008438F5 /* Project object */;
}
